
Microsoft Visual Studio Solution File, Format Version 11.00
# Visual Studio 2010
Project("{FAE04EC0-301F-11D3-BF4B-00C04F79EFBC}") = "TP4", "Assembly-CSharp.csproj", "{815ED945-C2D1-B38F-DF8E-A47DF36925FD}"
EndProject
Project("{FAE04EC0-301F-11D3-BF4B-00C04F79EFBC}") = "TP4", "Assembly-CSharp-Editor.csproj", "{FA721A37-019C-B54D-F4FA-DD81E9EE2A28}"
EndProject
Project("{D0B168DE-6410-BE24-FF53-B3B69A7F7CA0}") = "TP4", "Assembly-UnityScript-Editor-firstpass.unityproj", "{118F66ED-4E59-F2D1-B84A-49692E64ED29}"
EndProject
Global
	GlobalSection(SolutionConfigurationPlatforms) = preSolution
		Debug|Any CPU = Debug|Any CPU
		Release|Any CPU = Release|Any CPU
	EndGlobalSection
	GlobalSection(ProjectConfigurationPlatforms) = postSolution
		{815ED945-C2D1-B38F-DF8E-A47DF36925FD}.Debug|Any CPU.ActiveCfg = Debug|Any CPU
		{815ED945-C2D1-B38F-DF8E-A47DF36925FD}.Debug|Any CPU.Build.0 = Debug|Any CPU
		{815ED945-C2D1-B38F-DF8E-A47DF36925FD}.Release|Any CPU.ActiveCfg = Release|Any CPU
		{815ED945-C2D1-B38F-DF8E-A47DF36925FD}.Release|Any CPU.Build.0 = Release|Any CPU
		{FA721A37-019C-B54D-F4FA-DD81E9EE2A28}.Debug|Any CPU.ActiveCfg = Debug|Any CPU
		{FA721A37-019C-B54D-F4FA-DD81E9EE2A28}.Debug|Any CPU.Build.0 = Debug|Any CPU
		{FA721A37-019C-B54D-F4FA-DD81E9EE2A28}.Release|Any CPU.ActiveCfg = Release|Any CPU
		{FA721A37-019C-B54D-F4FA-DD81E9EE2A28}.Release|Any CPU.Build.0 = Release|Any CPU
		{118F66ED-4E59-F2D1-B84A-49692E64ED29}.Debug|Any CPU.ActiveCfg = Debug|Any CPU
		{118F66ED-4E59-F2D1-B84A-49692E64ED29}.Debug|Any CPU.Build.0 = Debug|Any CPU
		{118F66ED-4E59-F2D1-B84A-49692E64ED29}.Release|Any CPU.ActiveCfg = Release|Any CPU
		{118F66ED-4E59-F2D1-B84A-49692E64ED29}.Release|Any CPU.Build.0 = Release|Any CPU
	EndGlobalSection
	GlobalSection(SolutionProperties) = preSolution
		HideSolutionNode = FALSE
	EndGlobalSection
	GlobalSection(MonoDevelopProperties) = preSolution
		StartupItem = Assembly-CSharp.csproj
	EndGlobalSection
EndGlobal
